// !$*UTF8*$!
{
	archiveVersion = 1;
	classes = {
	};
	objectVersion = 55;
	objects = {

/* Begin PBXBuildFile section */
		B2B15EFD2826ED3100092795 /* Tests_iOS.swift in Sources */ = {isa = PBXBuildFile; fileRef = B2B15EFC2826ED3100092795 /* Tests_iOS.swift */; };
		B2B15EFF2826ED3100092795 /* Tests_iOSLaunchTests.swift in Sources */ = {isa = PBXBuildFile; fileRef = B2B15EFE2826ED3100092795 /* Tests_iOSLaunchTests.swift */; };
		B2B15F092826ED3100092795 /* Tests_macOS.swift in Sources */ = {isa = PBXBuildFile; fileRef = B2B15F082826ED3100092795 /* Tests_macOS.swift */; };
		B2B15F0B2826ED3100092795 /* Tests_macOSLaunchTests.swift in Sources */ = {isa = PBXBuildFile; fileRef = B2B15F0A2826ED3100092795 /* Tests_macOSLaunchTests.swift */; };
		B2B15F0C2826ED3100092795 /* BadUIBezierKitApp.swift in Sources */ = {isa = PBXBuildFile; fileRef = B2B15EE42826ED2F00092795 /* BadUIBezierKitApp.swift */; };
		B2B15F0D2826ED3100092795 /* BadUIBezierKitApp.swift in Sources */ = {isa = PBXBuildFile; fileRef = B2B15EE42826ED2F00092795 /* BadUIBezierKitApp.swift */; };
		B2B15F0E2826ED3100092795 /* ContentView.swift in Sources */ = {isa = PBXBuildFile; fileRef = B2B15EE52826ED2F00092795 /* ContentView.swift */; };
		B2B15F0F2826ED3100092795 /* ContentView.swift in Sources */ = {isa = PBXBuildFile; fileRef = B2B15EE52826ED2F00092795 /* ContentView.swift */; };
		B2B15F102826ED3100092795 /* Assets.xcassets in Resources */ = {isa = PBXBuildFile; fileRef = B2B15EE62826ED3100092795 /* Assets.xcassets */; };
		B2B15F112826ED3100092795 /* Assets.xcassets in Resources */ = {isa = PBXBuildFile; fileRef = B2B15EE62826ED3100092795 /* Assets.xcassets */; };
		B2B15F222826ED9E00092795 /* BezierKit in Frameworks */ = {isa = PBXBuildFile; productRef = B2B15F212826ED9E00092795 /* BezierKit */; };
		B2B15F27282709C700092795 /* BezierKit in Frameworks */ = {isa = PBXBuildFile; productRef = B2B15F26282709C700092795 /* BezierKit */; };
/* End PBXBuildFile section */

/* Begin PBXContainerItemProxy section */
		B2B15EF92826ED3100092795 /* PBXContainerItemProxy */ = {
			isa = PBXContainerItemProxy;
			containerPortal = B2B15EDF2826ED2F00092795 /* Project object */;
			proxyType = 1;
			remoteGlobalIDString = B2B15EEA2826ED3100092795;
			remoteInfo = "BadUIBezierKit (iOS)";
		};
		B2B15F052826ED3100092795 /* PBXContainerItemProxy */ = {
			isa = PBXContainerItemProxy;
			containerPortal = B2B15EDF2826ED2F00092795 /* Project object */;
			proxyType = 1;
			remoteGlobalIDString = B2B15EF02826ED3100092795;
			remoteInfo = "BadUIBezierKit (macOS)";
		};
/* End PBXContainerItemProxy section */

/* Begin PBXFileReference section */
		B2B15EE42826ED2F00092795 /* BadUIBezierKitApp.swift */ = {isa = PBXFileReference; lastKnownFileType = sourcecode.swift; path = BadUIBezierKitApp.swift; sourceTree = "<group>"; };
		B2B15EE52826ED2F00092795 /* ContentView.swift */ = {isa = PBXFileReference; lastKnownFileType = sourcecode.swift; path = ContentView.swift; sourceTree = "<group>"; };
		B2B15EE62826ED3100092795 /* Assets.xcassets */ = {isa = PBXFileReference; lastKnownFileType = folder.assetcatalog; path = Assets.xcassets; sourceTree = "<group>"; };
		B2B15EEB2826ED3100092795 /* BadUIBezierKit.app */ = {isa = PBXFileReference; explicitFileType = wrapper.application; includeInIndex = 0; path = BadUIBezierKit.app; sourceTree = BUILT_PRODUCTS_DIR; };
		B2B15EF12826ED3100092795 /* BadUIBezierKit.app */ = {isa = PBXFileReference; explicitFileType = wrapper.application; includeInIndex = 0; path = BadUIBezierKit.app; sourceTree = BUILT_PRODUCTS_DIR; };
		B2B15EF32826ED3100092795 /* macOS.entitlements */ = {isa = PBXFileReference; lastKnownFileType = text.plist.entitlements; path = macOS.entitlements; sourceTree = "<group>"; };
		B2B15EF82826ED3100092795 /* Tests iOS.xctest */ = {isa = PBXFileReference; explicitFileType = wrapper.cfbundle; includeInIndex = 0; path = "Tests iOS.xctest"; sourceTree = BUILT_PRODUCTS_DIR; };
		B2B15EFC2826ED3100092795 /* Tests_iOS.swift */ = {isa = PBXFileReference; lastKnownFileType = sourcecode.swift; path = Tests_iOS.swift; sourceTree = "<group>"; };
		B2B15EFE2826ED3100092795 /* Tests_iOSLaunchTests.swift */ = {isa = PBXFileReference; lastKnownFileType = sourcecode.swift; path = Tests_iOSLaunchTests.swift; sourceTree = "<group>"; };
		B2B15F042826ED3100092795 /* Tests macOS.xctest */ = {isa = PBXFileReference; explicitFileType = wrapper.cfbundle; includeInIndex = 0; path = "Tests macOS.xctest"; sourceTree = BUILT_PRODUCTS_DIR; };
		B2B15F082826ED3100092795 /* Tests_macOS.swift */ = {isa = PBXFileReference; lastKnownFileType = sourcecode.swift; path = Tests_macOS.swift; sourceTree = "<group>"; };
		B2B15F0A2826ED3100092795 /* Tests_macOSLaunchTests.swift */ = {isa = PBXFileReference; lastKnownFileType = sourcecode.swift; path = Tests_macOSLaunchTests.swift; sourceTree = "<group>"; };
		B2B15F232826FA1B00092795 /* README.md */ = {isa = PBXFileReference; lastKnownFileType = net.daringfireball.markdown; path = README.md; sourceTree = "<group>"; };
		B2B15F242826FB0000092795 /* OOutlines.png */ = {isa = PBXFileReference; lastKnownFileType = image.png; path = OOutlines.png; sourceTree = "<group>"; };
/* End PBXFileReference section */

/* Begin PBXFrameworksBuildPhase section */
		B2B15EE82826ED3100092795 /* Frameworks */ = {
			isa = PBXFrameworksBuildPhase;
			buildActionMask = 2147483647;
			files = (
				B2B15F27282709C700092795 /* BezierKit in Frameworks */,
			);
			runOnlyForDeploymentPostprocessing = 0;
		};
		B2B15EEE2826ED3100092795 /* Frameworks */ = {
			isa = PBXFrameworksBuildPhase;
			buildActionMask = 2147483647;
			files = (
				B2B15F222826ED9E00092795 /* BezierKit in Frameworks */,
			);
			runOnlyForDeploymentPostprocessing = 0;
		};
		B2B15EF52826ED3100092795 /* Frameworks */ = {
			isa = PBXFrameworksBuildPhase;
			buildActionMask = 2147483647;
			files = (
			);
			runOnlyForDeploymentPostprocessing = 0;
		};
		B2B15F012826ED3100092795 /* Frameworks */ = {
			isa = PBXFrameworksBuildPhase;
			buildActionMask = 2147483647;
			files = (
			);
			runOnlyForDeploymentPostprocessing = 0;
		};
/* End PBXFrameworksBuildPhase section */

/* Begin PBXGroup section */
		B2B15EDE2826ED2F00092795 = {
			isa = PBXGroup;
			children = (
				B2B15F232826FA1B00092795 /* README.md */,
				B2B15F242826FB0000092795 /* OOutlines.png */,
				B2B15EE32826ED2F00092795 /* Shared */,
				B2B15EF22826ED3100092795 /* macOS */,
				B2B15EFB2826ED3100092795 /* Tests iOS */,
				B2B15F072826ED3100092795 /* Tests macOS */,
				B2B15EEC2826ED3100092795 /* Products */,
			);
			sourceTree = "<group>";
		};
		B2B15EE32826ED2F00092795 /* Shared */ = {
			isa = PBXGroup;
			children = (
				B2B15EE42826ED2F00092795 /* BadUIBezierKitApp.swift */,
				B2B15EE52826ED2F00092795 /* ContentView.swift */,
				B2B15EE62826ED3100092795 /* Assets.xcassets */,
			);
			path = Shared;
			sourceTree = "<group>";
		};
		B2B15EEC2826ED3100092795 /* Products */ = {
			isa = PBXGroup;
			children = (
				B2B15EEB2826ED3100092795 /* BadUIBezierKit.app */,
				B2B15EF12826ED3100092795 /* BadUIBezierKit.app */,
				B2B15EF82826ED3100092795 /* Tests iOS.xctest */,
				B2B15F042826ED3100092795 /* Tests macOS.xctest */,
			);
			name = Products;
			sourceTree = "<group>";
		};
		B2B15EF22826ED3100092795 /* macOS */ = {
			isa = PBXGroup;
			children = (
				B2B15EF32826ED3100092795 /* macOS.entitlements */,
			);
			path = macOS;
			sourceTree = "<group>";
		};
		B2B15EFB2826ED3100092795 /* Tests iOS */ = {
			isa = PBXGroup;
			children = (
				B2B15EFC2826ED3100092795 /* Tests_iOS.swift */,
				B2B15EFE2826ED3100092795 /* Tests_iOSLaunchTests.swift */,
			);
			path = "Tests iOS";
			sourceTree = "<group>";
		};
		B2B15F072826ED3100092795 /* Tests macOS */ = {
			isa = PBXGroup;
			children = (
				B2B15F082826ED3100092795 /* Tests_macOS.swift */,
				B2B15F0A2826ED3100092795 /* Tests_macOSLaunchTests.swift */,
			);
			path = "Tests macOS";
			sourceTree = "<group>";
		};
/* End PBXGroup section */

/* Begin PBXNativeTarget section */
		B2B15EEA2826ED3100092795 /* BadUIBezierKit (iOS) */ = {
			isa = PBXNativeTarget;
			buildConfigurationList = B2B15F142826ED3100092795 /* Build configuration list for PBXNativeTarget "BadUIBezierKit (iOS)" */;
			buildPhases = (
				B2B15EE72826ED3100092795 /* Sources */,
				B2B15EE82826ED3100092795 /* Frameworks */,
				B2B15EE92826ED3100092795 /* Resources */,
			);
			buildRules = (
			);
			dependencies = (
			);
			name = "BadUIBezierKit (iOS)";
			packageProductDependencies = (
				B2B15F26282709C700092795 /* BezierKit */,
			);
			productName = "BadUIBezierKit (iOS)";
			productReference = B2B15EEB2826ED3100092795 /* BadUIBezierKit.app */;
			productType = "com.apple.product-type.application";
		};
		B2B15EF02826ED3100092795 /* BadUIBezierKit (macOS) */ = {
			isa = PBXNativeTarget;
			buildConfigurationList = B2B15F172826ED3100092795 /* Build configuration list for PBXNativeTarget "BadUIBezierKit (macOS)" */;
			buildPhases = (
				B2B15EED2826ED3100092795 /* Sources */,
				B2B15EEE2826ED3100092795 /* Frameworks */,
				B2B15EEF2826ED3100092795 /* Resources */,
			);
			buildRules = (
			);
			dependencies = (
			);
			name = "BadUIBezierKit (macOS)";
			packageProductDependencies = (
				B2B15F212826ED9E00092795 /* BezierKit */,
			);
			productName = "BadUIBezierKit (macOS)";
			productReference = B2B15EF12826ED3100092795 /* BadUIBezierKit.app */;
			productType = "com.apple.product-type.application";
		};
		B2B15EF72826ED3100092795 /* Tests iOS */ = {
			isa = PBXNativeTarget;
			buildConfigurationList = B2B15F1A2826ED3100092795 /* Build configuration list for PBXNativeTarget "Tests iOS" */;
			buildPhases = (
				B2B15EF42826ED3100092795 /* Sources */,
				B2B15EF52826ED3100092795 /* Frameworks */,
				B2B15EF62826ED3100092795 /* Resources */,
			);
			buildRules = (
			);
			dependencies = (
				B2B15EFA2826ED3100092795 /* PBXTargetDependency */,
			);
			name = "Tests iOS";
			productName = "Tests iOS";
			productReference = B2B15EF82826ED3100092795 /* Tests iOS.xctest */;
			productType = "com.apple.product-type.bundle.ui-testing";
		};
		B2B15F032826ED3100092795 /* Tests macOS */ = {
			isa = PBXNativeTarget;
			buildConfigurationList = B2B15F1D2826ED3100092795 /* Build configuration list for PBXNativeTarget "Tests macOS" */;
			buildPhases = (
				B2B15F002826ED3100092795 /* Sources */,
				B2B15F012826ED3100092795 /* Frameworks */,
				B2B15F022826ED3100092795 /* Resources */,
			);
			buildRules = (
			);
			dependencies = (
				B2B15F062826ED3100092795 /* PBXTargetDependency */,
			);
			name = "Tests macOS";
			productName = "Tests macOS";
			productReference = B2B15F042826ED3100092795 /* Tests macOS.xctest */;
			productType = "com.apple.product-type.bundle.ui-testing";
		};
/* End PBXNativeTarget section */

/* Begin PBXProject section */
		B2B15EDF2826ED2F00092795 /* Project object */ = {
			isa = PBXProject;
			attributes = {
				BuildIndependentTargetsInParallel = 1;
				LastSwiftUpdateCheck = 1330;
				LastUpgradeCheck = 1330;
				TargetAttributes = {
					B2B15EEA2826ED3100092795 = {
						CreatedOnToolsVersion = 13.3.1;
					};
					B2B15EF02826ED3100092795 = {
						CreatedOnToolsVersion = 13.3.1;
					};
					B2B15EF72826ED3100092795 = {
						CreatedOnToolsVersion = 13.3.1;
						TestTargetID = B2B15EEA2826ED3100092795;
					};
					B2B15F032826ED3100092795 = {
						CreatedOnToolsVersion = 13.3.1;
						TestTargetID = B2B15EF02826ED3100092795;
					};
				};
			};
			buildConfigurationList = B2B15EE22826ED2F00092795 /* Build configuration list for PBXProject "BadUIBezierKit" */;
			compatibilityVersion = "Xcode 13.0";
			developmentRegion = en;
			hasScannedForEncodings = 0;
			knownRegions = (
				en,
				Base,
			);
			mainGroup = B2B15EDE2826ED2F00092795;
			packageReferences = (
				B2B15F202826ED9E00092795 /* XCRemoteSwiftPackageReference "BezierKit" */,
				B2B15F25282709C700092795 /* XCRemoteSwiftPackageReference "BezierKit" */,
			);
			productRefGroup = B2B15EEC2826ED3100092795 /* Products */;
			projectDirPath = "";
			projectRoot = "";
			targets = (
				B2B15EEA2826ED3100092795 /* BadUIBezierKit (iOS) */,
				B2B15EF02826ED3100092795 /* BadUIBezierKit (macOS) */,
				B2B15EF72826ED3100092795 /* Tests iOS */,
				B2B15F032826ED3100092795 /* Tests macOS */,
			);
		};
/* End PBXProject section */

/* Begin PBXResourcesBuildPhase section */
		B2B15EE92826ED3100092795 /* Resources */ = {
			isa = PBXResourcesBuildPhase;
			buildActionMask = 2147483647;
			files = (
				B2B15F102826ED3100092795 /* Assets.xcassets in Resources */,
			);
			runOnlyForDeploymentPostprocessing = 0;
		};
		B2B15EEF2826ED3100092795 /* Resources */ = {
			isa = PBXResourcesBuildPhase;
			buildActionMask = 2147483647;
			files = (
				B2B15F112826ED3100092795 /* Assets.xcassets in Resources */,
			);
			runOnlyForDeploymentPostprocessing = 0;
		};
		B2B15EF62826ED3100092795 /* Resources */ = {
			isa = PBXResourcesBuildPhase;
			buildActionMask = 2147483647;
			files = (
			);
			runOnlyForDeploymentPostprocessing = 0;
		};
		B2B15F022826ED3100092795 /* Resources */ = {
			isa = PBXResourcesBuildPhase;
			buildActionMask = 2147483647;
			files = (
			);
			runOnlyForDeploymentPostprocessing = 0;
		};
/* End PBXResourcesBuildPhase section */

/* Begin PBXSourcesBuildPhase section */
		B2B15EE72826ED3100092795 /* Sources */ = {
			isa = PBXSourcesBuildPhase;
			buildActionMask = 2147483647;
			files = (
				B2B15F0E2826ED3100092795 /* ContentView.swift in Sources */,
				B2B15F0C2826ED3100092795 /* BadUIBezierKitApp.swift in Sources */,
			);
			runOnlyForDeploymentPostprocessing = 0;
		};
		B2B15EED2826ED3100092795 /* Sources */ = {
			isa = PBXSourcesBuildPhase;
			buildActionMask = 2147483647;
			files = (
				B2B15F0F2826ED3100092795 /* ContentView.swift in Sources */,
				B2B15F0D2826ED3100092795 /* BadUIBezierKitApp.swift in Sources */,
			);
			runOnlyForDeploymentPostprocessing = 0;
		};
		B2B15EF42826ED3100092795 /* Sources */ = {
			isa = PBXSourcesBuildPhase;
			buildActionMask = 2147483647;
			files = (
				B2B15EFF2826ED3100092795 /* Tests_iOSLaunchTests.swift in Sources */,
				B2B15EFD2826ED3100092795 /* Tests_iOS.swift in Sources */,
			);
			runOnlyForDeploymentPostprocessing = 0;
		};
		B2B15F002826ED3100092795 /* Sources */ = {
			isa = PBXSourcesBuildPhase;
			buildActionMask = 2147483647;
			files = (
				B2B15F0B2826ED3100092795 /* Tests_macOSLaunchTests.swift in Sources */,
				B2B15F092826ED3100092795 /* Tests_macOS.swift in Sources */,
			);
			runOnlyForDeploymentPostprocessing = 0;
		};
/* End PBXSourcesBuildPhase section */

/* Begin PBXTargetDependency section */
		B2B15EFA2826ED3100092795 /* PBXTargetDependency */ = {
			isa = PBXTargetDependency;
			target = B2B15EEA2826ED3100092795 /* BadUIBezierKit (iOS) */;
			targetProxy = B2B15EF92826ED3100092795 /* PBXContainerItemProxy */;
		};
		B2B15F062826ED3100092795 /* PBXTargetDependency */ = {
			isa = PBXTargetDependency;
			target = B2B15EF02826ED3100092795 /* BadUIBezierKit (macOS) */;
			targetProxy = B2B15F052826ED3100092795 /* PBXContainerItemProxy */;
		};
/* End PBXTargetDependency section */

/* Begin XCBuildConfiguration section */
		B2B15F122826ED3100092795 /* Debug */ = {
			isa = XCBuildConfiguration;
			buildSettings = {
				ALWAYS_SEARCH_USER_PATHS = NO;
				CLANG_ANALYZER_NONNULL = YES;
				CLANG_ANALYZER_NUMBER_OBJECT_CONVERSION = YES_AGGRESSIVE;
				CLANG_CXX_LANGUAGE_STANDARD = "gnu++17";
				CLANG_ENABLE_MODULES = YES;
				CLANG_ENABLE_OBJC_ARC = YES;
				CLANG_ENABLE_OBJC_WEAK = YES;
				CLANG_WARN_BLOCK_CAPTURE_AUTORELEASING = YES;
				CLANG_WARN_BOOL_CONVERSION = YES;
				CLANG_WARN_COMMA = YES;
				CLANG_WARN_CONSTANT_CONVERSION = YES;
				CLANG_WARN_DEPRECATED_OBJC_IMPLEMENTATIONS = YES;
				CLANG_WARN_DIRECT_OBJC_ISA_USAGE = YES_ERROR;
				CLANG_WARN_DOCUMENTATION_COMMENTS = YES;
				CLANG_WARN_EMPTY_BODY = YES;
				CLANG_WARN_ENUM_CONVERSION = YES;
				CLANG_WARN_INFINITE_RECURSION = YES;
				CLANG_WARN_INT_CONVERSION = YES;
				CLANG_WARN_NON_LITERAL_NULL_CONVERSION = YES;
				CLANG_WARN_OBJC_IMPLICIT_RETAIN_SELF = YES;
				CLANG_WARN_OBJC_LITERAL_CONVERSION = YES;
				CLANG_WARN_OBJC_ROOT_CLASS = YES_ERROR;
				CLANG_WARN_QUOTED_INCLUDE_IN_FRAMEWORK_HEADER = YES;
				CLANG_WARN_RANGE_LOOP_ANALYSIS = YES;
				CLANG_WARN_STRICT_PROTOTYPES = YES;
				CLANG_WARN_SUSPICIOUS_MOVE = YES;
				CLANG_WARN_UNGUARDED_AVAILABILITY = YES_AGGRESSIVE;
				CLANG_WARN_UNREACHABLE_CODE = YES;
				CLANG_WARN__DUPLICATE_METHOD_MATCH = YES;
				COPY_PHASE_STRIP = NO;
				DEBUG_INFORMATION_FORMAT = dwarf;
				ENABLE_STRICT_OBJC_MSGSEND = YES;
				ENABLE_TESTABILITY = YES;
				GCC_C_LANGUAGE_STANDARD = gnu11;
				GCC_DYNAMIC_NO_PIC = NO;
				GCC_NO_COMMON_BLOCKS = YES;
				GCC_OPTIMIZATION_LEVEL = 0;
				GCC_PREPROCESSOR_DEFINITIONS = (
					"DEBUG=1",
					"$(inherited)",
				);
				GCC_WARN_64_TO_32_BIT_CONVERSION = YES;
				GCC_WARN_ABOUT_RETURN_TYPE = YES_ERROR;
				GCC_WARN_UNDECLARED_SELECTOR = YES;
				GCC_WARN_UNINITIALIZED_AUTOS = YES_AGGRESSIVE;
				GCC_WARN_UNUSED_FUNCTION = YES;
				GCC_WARN_UNUSED_VARIABLE = YES;
				MTL_ENABLE_DEBUG_INFO = INCLUDE_SOURCE;
				MTL_FAST_MATH = YES;
				ONLY_ACTIVE_ARCH = YES;
				SWIFT_ACTIVE_COMPILATION_CONDITIONS = DEBUG;
				SWIFT_OPTIMIZATION_LEVEL = "-Onone";
			};
			name = Debug;
		};
		B2B15F132826ED3100092795 /* Release */ = {
			isa = XCBuildConfiguration;
			buildSettings = {
				ALWAYS_SEARCH_USER_PATHS = NO;
				CLANG_ANALYZER_NONNULL = YES;
				CLANG_ANALYZER_NUMBER_OBJECT_CONVERSION = YES_AGGRESSIVE;
				CLANG_CXX_LANGUAGE_STANDARD = "gnu++17";
				CLANG_ENABLE_MODULES = YES;
				CLANG_ENABLE_OBJC_ARC = YES;
				CLANG_ENABLE_OBJC_WEAK = YES;
				CLANG_WARN_BLOCK_CAPTURE_AUTORELEASING = YES;
				CLANG_WARN_BOOL_CONVERSION = YES;
				CLANG_WARN_COMMA = YES;
				CLANG_WARN_CONSTANT_CONVERSION = YES;
				CLANG_WARN_DEPRECATED_OBJC_IMPLEMENTATIONS = YES;
				CLANG_WARN_DIRECT_OBJC_ISA_USAGE = YES_ERROR;
				CLANG_WARN_DOCUMENTATION_COMMENTS = YES;
				CLANG_WARN_EMPTY_BODY = YES;
				CLANG_WARN_ENUM_CONVERSION = YES;
				CLANG_WARN_INFINITE_RECURSION = YES;
				CLANG_WARN_INT_CONVERSION = YES;
				CLANG_WARN_NON_LITERAL_NULL_CONVERSION = YES;
				CLANG_WARN_OBJC_IMPLICIT_RETAIN_SELF = YES;
				CLANG_WARN_OBJC_LITERAL_CONVERSION = YES;
				CLANG_WARN_OBJC_ROOT_CLASS = YES_ERROR;
				CLANG_WARN_QUOTED_INCLUDE_IN_FRAMEWORK_HEADER = YES;
				CLANG_WARN_RANGE_LOOP_ANALYSIS = YES;
				CLANG_WARN_STRICT_PROTOTYPES = YES;
				CLANG_WARN_SUSPICIOUS_MOVE = YES;
				CLANG_WARN_UNGUARDED_AVAILABILITY = YES_AGGRESSIVE;
				CLANG_WARN_UNREACHABLE_CODE = YES;
				CLANG_WARN__DUPLICATE_METHOD_MATCH = YES;
				COPY_PHASE_STRIP = NO;
				DEBUG_INFORMATION_FORMAT = "dwarf-with-dsym";
				ENABLE_NS_ASSERTIONS = NO;
				ENABLE_STRICT_OBJC_MSGSEND = YES;
				GCC_C_LANGUAGE_STANDARD = gnu11;
				GCC_NO_COMMON_BLOCKS = YES;
				GCC_WARN_64_TO_32_BIT_CONVERSION = YES;
				GCC_WARN_ABOUT_RETURN_TYPE = YES_ERROR;
				GCC_WARN_UNDECLARED_SELECTOR = YES;
				GCC_WARN_UNINITIALIZED_AUTOS = YES_AGGRESSIVE;
				GCC_WARN_UNUSED_FUNCTION = YES;
				GCC_WARN_UNUSED_VARIABLE = YES;
				MTL_ENABLE_DEBUG_INFO = NO;
				MTL_FAST_MATH = YES;
				SWIFT_COMPILATION_MODE = wholemodule;
				SWIFT_OPTIMIZATION_LEVEL = "-O";
			};
			name = Release;
		};
		B2B15F152826ED3100092795 /* Debug */ = {
			isa = XCBuildConfiguration;
			buildSettings = {
				ASSETCATALOG_COMPILER_APPICON_NAME = AppIcon;
				ASSETCATALOG_COMPILER_GLOBAL_ACCENT_COLOR_NAME = AccentColor;
				CODE_SIGN_STYLE = Automatic;
				CURRENT_PROJECT_VERSION = 1;
				DEVELOPMENT_TEAM = 3ASHMCMJEN;
				ENABLE_PREVIEWS = YES;
				GENERATE_INFOPLIST_FILE = YES;
				INFOPLIST_KEY_UIApplicationSceneManifest_Generation = YES;
				INFOPLIST_KEY_UIApplicationSupportsIndirectInputEvents = YES;
				INFOPLIST_KEY_UILaunchScreen_Generation = YES;
				INFOPLIST_KEY_UISupportedInterfaceOrientations_iPad = "UIInterfaceOrientationPortrait UIInterfaceOrientationPortraitUpsideDown UIInterfaceOrientationLandscapeLeft UIInterfaceOrientationLandscapeRight";
				INFOPLIST_KEY_UISupportedInterfaceOrientations_iPhone = "UIInterfaceOrientationPortrait UIInterfaceOrientationLandscapeLeft UIInterfaceOrientationLandscapeRight";
				IPHONEOS_DEPLOYMENT_TARGET = 15.4;
				LD_RUNPATH_SEARCH_PATHS = (
					"$(inherited)",
					"@executable_path/Frameworks",
				);
				MARKETING_VERSION = 1.0;
				PRODUCT_BUNDLE_IDENTIFIER = com.typoland.BadUIBezierKit;
				PRODUCT_NAME = BadUIBezierKit;
				SDKROOT = iphoneos;
				SWIFT_EMIT_LOC_STRINGS = YES;
				SWIFT_VERSION = 5.0;
				TARGETED_DEVICE_FAMILY = "1,2";
			};
			name = Debug;
		};
		B2B15F162826ED3100092795 /* Release */ = {
			isa = XCBuildConfiguration;
			buildSettings = {
				ASSETCATALOG_COMPILER_APPICON_NAME = AppIcon;
				ASSETCATALOG_COMPILER_GLOBAL_ACCENT_COLOR_NAME = AccentColor;
				CODE_SIGN_STYLE = Automatic;
				CURRENT_PROJECT_VERSION = 1;
				DEVELOPMENT_TEAM = 3ASHMCMJEN;
				ENABLE_PREVIEWS = YES;
				GENERATE_INFOPLIST_FILE = YES;
				INFOPLIST_KEY_UIApplicationSceneManifest_Generation = YES;
				INFOPLIST_KEY_UIApplicationSupportsIndirectInputEvents = YES;
				INFOPLIST_KEY_UILaunchScreen_Generation = YES;
				INFOPLIST_KEY_UISupportedInterfaceOrientations_iPad = "UIInterfaceOrientationPortrait UIInterfaceOrientationPortraitUpsideDown UIInterfaceOrientationLandscapeLeft UIInterfaceOrientationLandscapeRight";
				INFOPLIST_KEY_UISupportedInterfaceOrientations_iPhone = "UIInterfaceOrientationPortrait UIInterfaceOrientationLandscapeLeft UIInterfaceOrientationLandscapeRight";
				IPHONEOS_DEPLOYMENT_TARGET = 15.4;
				LD_RUNPATH_SEARCH_PATHS = (
					"$(inherited)",
					"@executable_path/Frameworks",
				);
				MARKETING_VERSION = 1.0;
				PRODUCT_BUNDLE_IDENTIFIER = com.typoland.BadUIBezierKit;
				PRODUCT_NAME = BadUIBezierKit;
				SDKROOT = iphoneos;
				SWIFT_EMIT_LOC_STRINGS = YES;
				SWIFT_VERSION = 5.0;
				TARGETED_DEVICE_FAMILY = "1,2";
				VALIDATE_PRODUCT = YES;
			};
			name = Release;
		};
		B2B15F182826ED3100092795 /* Debug */ = {
			isa = XCBuildConfiguration;
			buildSettings = {
				ASSETCATALOG_COMPILER_APPICON_NAME = AppIcon;
				ASSETCATALOG_COMPILER_GLOBAL_ACCENT_COLOR_NAME = AccentColor;
				CODE_SIGN_ENTITLEMENTS = macOS/macOS.entitlements;
				CODE_SIGN_STYLE = Automatic;
				COMBINE_HIDPI_IMAGES = YES;
				CURRENT_PROJECT_VERSION = 1;
				DEVELOPMENT_TEAM = 3ASHMCMJEN;
				ENABLE_HARDENED_RUNTIME = YES;
				ENABLE_PREVIEWS = YES;
				GENERATE_INFOPLIST_FILE = YES;
				INFOPLIST_KEY_NSHumanReadableCopyright = "";
				LD_RUNPATH_SEARCH_PATHS = (
					"$(inherited)",
					"@executable_path/../Frameworks",
				);
				MACOSX_DEPLOYMENT_TARGET = 12.3;
				MARKETING_VERSION = 1.0;
				PRODUCT_BUNDLE_IDENTIFIER = com.typoland.BadUIBezierKit;
				PRODUCT_NAME = BadUIBezierKit;
				SDKROOT = macosx;
				SWIFT_EMIT_LOC_STRINGS = YES;
				SWIFT_VERSION = 5.0;
			};
			name = Debug;
		};
		B2B15F192826ED3100092795 /* Release */ = {
			isa = XCBuildConfiguration;
			buildSettings = {
				ASSETCATALOG_COMPILER_APPICON_NAME = AppIcon;
				ASSETCATALOG_COMPILER_GLOBAL_ACCENT_COLOR_NAME = AccentColor;
				CODE_SIGN_ENTITLEMENTS = macOS/macOS.entitlements;
				CODE_SIGN_STYLE = Automatic;
				COMBINE_HIDPI_IMAGES = YES;
				CURRENT_PROJECT_VERSION = 1;
				DEVELOPMENT_TEAM = 3ASHMCMJEN;
				ENABLE_HARDENED_RUNTIME = YES;
				ENABLE_PREVIEWS = YES;
				GENERATE_INFOPLIST_FILE = YES;
				INFOPLIST_KEY_NSHumanReadableCopyright = "";
				LD_RUNPATH_SEARCH_PATHS = (
					"$(inherited)",
					"@executable_path/../Frameworks",
				);
				MACOSX_DEPLOYMENT_TARGET = 12.3;
				MARKETING_VERSION = 1.0;
				PRODUCT_BUNDLE_IDENTIFIER = com.typoland.BadUIBezierKit;
				PRODUCT_NAME = BadUIBezierKit;
				SDKROOT = macosx;
				SWIFT_EMIT_LOC_STRINGS = YES;
				SWIFT_VERSION = 5.0;
			};
			name = Release;
		};
		B2B15F1B2826ED3100092795 /* Debug */ = {
			isa = XCBuildConfiguration;
			buildSettings = {
				ALWAYS_EMBED_SWIFT_STANDARD_LIBRARIES = YES;
				CODE_SIGN_STYLE = Automatic;
				CURRENT_PROJECT_VERSION = 1;
				DEVELOPMENT_TEAM = 3ASHMCMJEN;
				GENERATE_INFOPLIST_FILE = YES;
				IPHONEOS_DEPLOYMENT_TARGET = 15.4;
				MARKETING_VERSION = 1.0;
				PRODUCT_BUNDLE_IDENTIFIER = "com.typoland.Tests-iOS";
				PRODUCT_NAME = "$(TARGET_NAME)";
				SDKROOT = iphoneos;
				SWIFT_EMIT_LOC_STRINGS = NO;
				SWIFT_VERSION = 5.0;
				TARGETED_DEVICE_FAMILY = "1,2";
				TEST_TARGET_NAME = "BadUIBezierKit (iOS)";
			};
			name = Debug;
		};
		B2B15F1C2826ED3100092795 /* Release */ = {
			isa = XCBuildConfiguration;
			buildSettings = {
				ALWAYS_EMBED_SWIFT_STANDARD_LIBRARIES = YES;
				CODE_SIGN_STYLE = Automatic;
				CURRENT_PROJECT_VERSION = 1;
				DEVELOPMENT_TEAM = 3ASHMCMJEN;
				GENERATE_INFOPLIST_FILE = YES;
				IPHONEOS_DEPLOYMENT_TARGET = 15.4;
				MARKETING_VERSION = 1.0;
				PRODUCT_BUNDLE_IDENTIFIER = "com.typoland.Tests-iOS";
				PRODUCT_NAME = "$(TARGET_NAME)";
				SDKROOT = iphoneos;
				SWIFT_EMIT_LOC_STRINGS = NO;
				SWIFT_VERSION = 5.0;
				TARGETED_DEVICE_FAMILY = "1,2";
				TEST_TARGET_NAME = "BadUIBezierKit (iOS)";
				VALIDATE_PRODUCT = YES;
			};
			name = Release;
		};
		B2B15F1E2826ED3100092795 /* Debug */ = {
			isa = XCBuildConfiguration;
			buildSettings = {
				ALWAYS_EMBED_SWIFT_STANDARD_LIBRARIES = YES;
				CODE_SIGN_STYLE = Automatic;
				CURRENT_PROJECT_VERSION = 1;
				DEVELOPMENT_TEAM = 3ASHMCMJEN;
				GENERATE_INFOPLIST_FILE = YES;
				MACOSX_DEPLOYMENT_TARGET = 12.3;
				MARKETING_VERSION = 1.0;
				PRODUCT_BUNDLE_IDENTIFIER = "com.typoland.Tests-macOS";
				PRODUCT_NAME = "$(TARGET_NAME)";
				SDKROOT = macosx;
				SWIFT_EMIT_LOC_STRINGS = NO;
				SWIFT_VERSION = 5.0;
				TEST_TARGET_NAME = "BadUIBezierKit (macOS)";
			};
			name = Debug;
		};
		B2B15F1F2826ED3100092795 /* Release */ = {
			isa = XCBuildConfiguration;
			buildSettings = {
				ALWAYS_EMBED_SWIFT_STANDARD_LIBRARIES = YES;
				CODE_SIGN_STYLE = Automatic;
				CURRENT_PROJECT_VERSION = 1;
				DEVELOPMENT_TEAM = 3ASHMCMJEN;
				GENERATE_INFOPLIST_FILE = YES;
				MACOSX_DEPLOYMENT_TARGET = 12.3;
				MARKETING_VERSION = 1.0;
				PRODUCT_BUNDLE_IDENTIFIER = "com.typoland.Tests-macOS";
				PRODUCT_NAME = "$(TARGET_NAME)";
				SDKROOT = macosx;
				SWIFT_EMIT_LOC_STRINGS = NO;
				SWIFT_VERSION = 5.0;
				TEST_TARGET_NAME = "BadUIBezierKit (macOS)";
			};
			name = Release;
		};
/* End XCBuildConfiguration section */

/* Begin XCConfigurationList section */
		B2B15EE22826ED2F00092795 /* Build configuration list for PBXProject "BadUIBezierKit" */ = {
			isa = XCConfigurationList;
			buildConfigurations = (
				B2B15F122826ED3100092795 /* Debug */,
				B2B15F132826ED3100092795 /* Release */,
			);
			defaultConfigurationIsVisible = 0;
			defaultConfigurationName = Release;
		};
		B2B15F142826ED3100092795 /* Build configuration list for PBXNativeTarget "BadUIBezierKit (iOS)" */ = {
			isa = XCConfigurationList;
			buildConfigurations = (
				B2B15F152826ED3100092795 /* Debug */,
				B2B15F162826ED3100092795 /* Release */,
			);
			defaultConfigurationIsVisible = 0;
			defaultConfigurationName = Release;
		};
		B2B15F172826ED3100092795 /* Build configuration list for PBXNativeTarget "BadUIBezierKit (macOS)" */ = {
			isa = XCConfigurationList;
			buildConfigurations = (
				B2B15F182826ED3100092795 /* Debug */,
				B2B15F192826ED3100092795 /* Release */,
			);
			defaultConfigurationIsVisible = 0;
			defaultConfigurationName = Release;
		};
		B2B15F1A2826ED3100092795 /* Build configuration list for PBXNativeTarget "Tests iOS" */ = {
			isa = XCConfigurationList;
			buildConfigurations = (
				B2B15F1B2826ED3100092795 /* Debug */,
				B2B15F1C2826ED3100092795 /* Release */,
			);
			defaultConfigurationIsVisible = 0;
			defaultConfigurationName = Release;
		};
		B2B15F1D2826ED3100092795 /* Build configuration list for PBXNativeTarget "Tests macOS" */ = {
			isa = XCConfigurationList;
			buildConfigurations = (
				B2B15F1E2826ED3100092795 /* Debug */,
				B2B15F1F2826ED3100092795 /* Release */,
			);
			defaultConfigurationIsVisible = 0;
			defaultConfigurationName = Release;
		};
/* End XCConfigurationList section */

/* Begin XCRemoteSwiftPackageReference section */
		B2B15F202826ED9E00092795 /* XCRemoteSwiftPackageReference "BezierKit" */ = {
			isa = XCRemoteSwiftPackageReference;
			repositoryURL = "https://github.com/hfutrell/BezierKit";
			requirement = {
				branch = master;
				kind = branch;
			};
		};
		B2B15F25282709C700092795 /* XCRemoteSwiftPackageReference "BezierKit" */ = {
			isa = XCRemoteSwiftPackageReference;
			repositoryURL = "https://github.com/hfutrell/BezierKit";
			requirement = {
				branch = master;
				kind = branch;
			};
		};
/* End XCRemoteSwiftPackageReference section */

/* Begin XCSwiftPackageProductDependency section */
		B2B15F212826ED9E00092795 /* BezierKit */ = {
			isa = XCSwiftPackageProductDependency;
			package = B2B15F202826ED9E00092795 /* XCRemoteSwiftPackageReference "BezierKit" */;
			productName = BezierKit;
		};
		B2B15F26282709C700092795 /* BezierKit */ = {
			isa = XCSwiftPackageProductDependency;
			package = B2B15F202826ED9E00092795 /* XCRemoteSwiftPackageReference "BezierKit" */;
			productName = BezierKit;
		};
/* End XCSwiftPackageProductDependency section */
	};
	rootObject = B2B15EDF2826ED2F00092795 /* Project object */;
}
